// !$*UTF8*$!
{
	archiveVersion = 1;
	classes = {
	};
	objectVersion = 46;
	objects = {

/* Begin PBXBuildFile section */
		EDAC4ECC1BCE8E26003A5532 /* AppDelegate.swift in Sources */ = {isa = PBXBuildFile; fileRef = EDAC4ECB1BCE8E26003A5532 /* AppDelegate.swift */; };
		EDAC4ECE1BCE8E26003A5532 /* ViewController.swift in Sources */ = {isa = PBXBuildFile; fileRef = EDAC4ECD1BCE8E26003A5532 /* ViewController.swift */; };
		EDAC4ED11BCE8E26003A5532 /* Main.storyboard in Resources */ = {isa = PBXBuildFile; fileRef = EDAC4ECF1BCE8E26003A5532 /* Main.storyboard */; };
		EDAC4ED31BCE8E26003A5532 /* Images.xcassets in Resources */ = {isa = PBXBuildFile; fileRef = EDAC4ED21BCE8E26003A5532 /* Images.xcassets */; };
		EDAC4ED61BCE8E26003A5532 /* LaunchScreen.xib in Resources */ = {isa = PBXBuildFile; fileRef = EDAC4ED41BCE8E26003A5532 /* LaunchScreen.xib */; };
		EDAC4EF11BCE8EB5003A5532 /* MessageParser.swift in Sources */ = {isa = PBXBuildFile; fileRef = EDAC4EEE1BCE8EB5003A5532 /* MessageParser.swift */; };
		EDAC4EF21BCE8EB5003A5532 /* Regex.swift in Sources */ = {isa = PBXBuildFile; fileRef = EDAC4EF01BCE8EB5003A5532 /* Regex.swift */; };
/* End PBXBuildFile section */

/* Begin PBXFileReference section */
		EDAC4EC61BCE8E26003A5532 /* SmartText.app */ = {isa = PBXFileReference; explicitFileType = wrapper.application; includeInIndex = 0; path = SmartText.app; sourceTree = BUILT_PRODUCTS_DIR; };
		EDAC4ECA1BCE8E26003A5532 /* Info.plist */ = {isa = PBXFileReference; lastKnownFileType = text.plist.xml; path = Info.plist; sourceTree = "<group>"; };
		EDAC4ECB1BCE8E26003A5532 /* AppDelegate.swift */ = {isa = PBXFileReference; lastKnownFileType = sourcecode.swift; path = AppDelegate.swift; sourceTree = "<group>"; };
		EDAC4ECD1BCE8E26003A5532 /* ViewController.swift */ = {isa = PBXFileReference; lastKnownFileType = sourcecode.swift; path = ViewController.swift; sourceTree = "<group>"; };
		EDAC4ED01BCE8E26003A5532 /* Base */ = {isa = PBXFileReference; lastKnownFileType = file.storyboard; name = Base; path = Base.lproj/Main.storyboard; sourceTree = "<group>"; };
		EDAC4ED21BCE8E26003A5532 /* Images.xcassets */ = {isa = PBXFileReference; lastKnownFileType = folder.assetcatalog; path = Images.xcassets; sourceTree = "<group>"; };
		EDAC4ED51BCE8E26003A5532 /* Base */ = {isa = PBXFileReference; lastKnownFileType = file.xib; name = Base; path = Base.lproj/LaunchScreen.xib; sourceTree = "<group>"; };
		EDAC4EE01BCE8E26003A5532 /* Info.plist */ = {isa = PBXFileReference; lastKnownFileType = text.plist.xml; path = Info.plist; sourceTree = "<group>"; };
		EDAC4EE11BCE8E26003A5532 /* SmartTextTests.swift */ = {isa = PBXFileReference; lastKnownFileType = sourcecode.swift; path = SmartTextTests.swift; sourceTree = "<group>"; };
		EDAC4EEE1BCE8EB5003A5532 /* MessageParser.swift */ = {isa = PBXFileReference; fileEncoding = 4; lastKnownFileType = sourcecode.swift; path = MessageParser.swift; sourceTree = "<group>"; };
		EDAC4EF01BCE8EB5003A5532 /* Regex.swift */ = {isa = PBXFileReference; fileEncoding = 4; lastKnownFileType = sourcecode.swift; path = Regex.swift; sourceTree = "<group>"; };
/* End PBXFileReference section */

/* Begin PBXFrameworksBuildPhase section */
		EDAC4EC31BCE8E26003A5532 /* Frameworks */ = {
			isa = PBXFrameworksBuildPhase;
			buildActionMask = 2147483647;
			files = (
			);
			runOnlyForDeploymentPostprocessing = 0;
		};
/* End PBXFrameworksBuildPhase section */

/* Begin PBXGroup section */
		EDAC4EBD1BCE8E26003A5532 = {
			isa = PBXGroup;
			children = (
				EDAC4EC81BCE8E26003A5532 /* SmartText */,
				EDAC4EDE1BCE8E26003A5532 /* SmartTextTests */,
				EDAC4EC71BCE8E26003A5532 /* Products */,
			);
			sourceTree = "<group>";
		};
		EDAC4EC71BCE8E26003A5532 /* Products */ = {
			isa = PBXGroup;
			children = (
				EDAC4EC61BCE8E26003A5532 /* SmartText.app */,
			);
			name = Products;
			sourceTree = "<group>";
		};
		EDAC4EC81BCE8E26003A5532 /* SmartText */ = {
			isa = PBXGroup;
			children = (
				EDAC4EEC1BCE8EB5003A5532 /* Classes */,
				EDAC4ECB1BCE8E26003A5532 /* AppDelegate.swift */,
				EDAC4ECD1BCE8E26003A5532 /* ViewController.swift */,
				EDAC4EEB1BCE8E9E003A5532 /* Resources */,
				EDAC4EC91BCE8E26003A5532 /* Supporting Files */,
			);
			path = SmartText;
			sourceTree = "<group>";
		};
		EDAC4EC91BCE8E26003A5532 /* Supporting Files */ = {
			isa = PBXGroup;
			children = (
				EDAC4ECA1BCE8E26003A5532 /* Info.plist */,
			);
			name = "Supporting Files";
			sourceTree = "<group>";
		};
		EDAC4EDE1BCE8E26003A5532 /* SmartTextTests */ = {
			isa = PBXGroup;
			children = (
				EDAC4EE11BCE8E26003A5532 /* SmartTextTests.swift */,
				EDAC4EDF1BCE8E26003A5532 /* Supporting Files */,
			);
			path = SmartTextTests;
			sourceTree = "<group>";
		};
		EDAC4EDF1BCE8E26003A5532 /* Supporting Files */ = {
			isa = PBXGroup;
			children = (
				EDAC4EE01BCE8E26003A5532 /* Info.plist */,
			);
			name = "Supporting Files";
			sourceTree = "<group>";
		};
		EDAC4EEB1BCE8E9E003A5532 /* Resources */ = {
			isa = PBXGroup;
			children = (
				EDAC4ECF1BCE8E26003A5532 /* Main.storyboard */,
				EDAC4ED21BCE8E26003A5532 /* Images.xcassets */,
				EDAC4ED41BCE8E26003A5532 /* LaunchScreen.xib */,
			);
			name = Resources;
			sourceTree = "<group>";
		};
		EDAC4EEC1BCE8EB5003A5532 /* Classes */ = {
			isa = PBXGroup;
			children = (
				EDAC4EED1BCE8EB5003A5532 /* Parser */,
				EDAC4EEF1BCE8EB5003A5532 /* Regex */,
			);
			path = Classes;
			sourceTree = "<group>";
		};
		EDAC4EED1BCE8EB5003A5532 /* Parser */ = {
			isa = PBXGroup;
			children = (
				EDAC4EEE1BCE8EB5003A5532 /* MessageParser.swift */,
			);
			path = Parser;
			sourceTree = "<group>";
		};
		EDAC4EEF1BCE8EB5003A5532 /* Regex */ = {
			isa = PBXGroup;
			children = (
				EDAC4EF01BCE8EB5003A5532 /* Regex.swift */,
			);
			path = Regex;
			sourceTree = "<group>";
		};
/* End PBXGroup section */

/* Begin PBXNativeTarget section */
		EDAC4EC51BCE8E26003A5532 /* SmartText */ = {
			isa = PBXNativeTarget;
			buildConfigurationList = EDAC4EE51BCE8E26003A5532 /* Build configuration list for PBXNativeTarget "SmartText" */;
			buildPhases = (
				EDAC4EC21BCE8E26003A5532 /* Sources */,
				EDAC4EC31BCE8E26003A5532 /* Frameworks */,
				EDAC4EC41BCE8E26003A5532 /* Resources */,
			);
			buildRules = (
			);
			dependencies = (
			);
			name = SmartText;
			productName = SmartText;
			productReference = EDAC4EC61BCE8E26003A5532 /* SmartText.app */;
			productType = "com.apple.product-type.application";
		};
/* End PBXNativeTarget section */

/* Begin PBXProject section */
		EDAC4EBE1BCE8E26003A5532 /* Project object */ = {
			isa = PBXProject;
			attributes = {
				LastUpgradeCheck = 0640;
				ORGANIZATIONNAME = com.ramotion;
				TargetAttributes = {
					EDAC4EC51BCE8E26003A5532 = {
						CreatedOnToolsVersion = 6.4;
					};
				};
			};
			buildConfigurationList = EDAC4EC11BCE8E26003A5532 /* Build configuration list for PBXProject "SmartText" */;
			compatibilityVersion = "Xcode 3.2";
			developmentRegion = English;
			hasScannedForEncodings = 0;
			knownRegions = (
				en,
				Base,
			);
			mainGroup = EDAC4EBD1BCE8E26003A5532;
			productRefGroup = EDAC4EC71BCE8E26003A5532 /* Products */;
			projectDirPath = "";
			projectRoot = "";
			targets = (
				EDAC4EC51BCE8E26003A5532 /* SmartText */,
			);
		};
/* End PBXProject section */

/* Begin PBXResourcesBuildPhase section */
		EDAC4EC41BCE8E26003A5532 /* Resources */ = {
			isa = PBXResourcesBuildPhase;
			buildActionMask = 2147483647;
			files = (
				EDAC4ED11BCE8E26003A5532 /* Main.storyboard in Resources */,
				EDAC4ED61BCE8E26003A5532 /* LaunchScreen.xib in Resources */,
				EDAC4ED31BCE8E26003A5532 /* Images.xcassets in Resources */,
			);
			runOnlyForDeploymentPostprocessing = 0;
		};
/* End PBXResourcesBuildPhase section */

/* Begin PBXSourcesBuildPhase section */
		EDAC4EC21BCE8E26003A5532 /* Sources */ = {
			isa = PBXSourcesBuildPhase;
			buildActionMask = 2147483647;
			files = (
				EDAC4ECE1BCE8E26003A5532 /* ViewController.swift in Sources */,
				EDAC4EF21BCE8EB5003A5532 /* Regex.swift in Sources */,
				EDAC4ECC1BCE8E26003A5532 /* AppDelegate.swift in Sources */,
				EDAC4EF11BCE8EB5003A5532 /* MessageParser.swift in Sources */,
			);
			runOnlyForDeploymentPostprocessing = 0;
		};
/* End PBXSourcesBuildPhase section */

/* Begin PBXVariantGroup section */
		EDAC4ECF1BCE8E26003A5532 /* Main.storyboard */ = {
			isa = PBXVariantGroup;
			children = (
				EDAC4ED01BCE8E26003A5532 /* Base */,
			);
			name = Main.storyboard;
			sourceTree = "<group>";
		};
		EDAC4ED41BCE8E26003A5532 /* LaunchScreen.xib */ = {
			isa = PBXVariantGroup;
			children = (
				EDAC4ED51BCE8E26003A5532 /* Base */,
			);
			name = LaunchScreen.xib;
			sourceTree = "<group>";
		};
/* End PBXVariantGroup section */

/* Begin XCBuildConfiguration section */
		EDAC4EE31BCE8E26003A5532 /* Debug */ = {
			isa = XCBuildConfiguration;
			buildSettings = {
				ALWAYS_SEARCH_USER_PATHS = NO;
				CLANG_CXX_LANGUAGE_STANDARD = "gnu++0x";
				CLANG_CXX_LIBRARY = "libc++";
				CLANG_ENABLE_MODULES = YES;
				CLANG_ENABLE_OBJC_ARC = YES;
				CLANG_WARN_BOOL_CONVERSION = YES;
				CLANG_WARN_CONSTANT_CONVERSION = YES;
				CLANG_WARN_DIRECT_OBJC_ISA_USAGE = YES_ERROR;
				CLANG_WARN_EMPTY_BODY = YES;
				CLANG_WARN_ENUM_CONVERSION = YES;
				CLANG_WARN_INT_CONVERSION = YES;
				CLANG_WARN_OBJC_ROOT_CLASS = YES_ERROR;
				CLANG_WARN_UNREACHABLE_CODE = YES;
				CLANG_WARN__DUPLICATE_METHOD_MATCH = YES;
				"CODE_SIGN_IDENTITY[sdk=iphoneos*]" = "iPhone Developer";
				COPY_PHASE_STRIP = NO;
				DEBUG_INFORMATION_FORMAT = "dwarf-with-dsym";
				ENABLE_STRICT_OBJC_MSGSEND = YES;
				GCC_C_LANGUAGE_STANDARD = gnu99;
				GCC_DYNAMIC_NO_PIC = NO;
				GCC_NO_COMMON_BLOCKS = YES;
				GCC_OPTIMIZATION_LEVEL = 0;
				GCC_PREPROCESSOR_DEFINITIONS = (
					"DEBUG=1",
					"$(inherited)",
				);
				GCC_SYMBOLS_PRIVATE_EXTERN = NO;
				GCC_WARN_64_TO_32_BIT_CONVERSION = YES;
				GCC_WARN_ABOUT_RETURN_TYPE = YES_ERROR;
				GCC_WARN_UNDECLARED_SELECTOR = YES;
				GCC_WARN_UNINITIALIZED_AUTOS = YES_AGGRESSIVE;
				GCC_WARN_UNUSED_FUNCTION = YES;
				GCC_WARN_UNUSED_VARIABLE = YES;
				IPHONEOS_DEPLOYMENT_TARGET = 8.4;
				MTL_ENABLE_DEBUG_INFO = YES;
				ONLY_ACTIVE_ARCH = YES;
				SDKROOT = iphoneos;
				SWIFT_OPTIMIZATION_LEVEL = "-Onone";
				TARGETED_DEVICE_FAMILY = "1,2";
			};
			name = Debug;
		};
		EDAC4EE41BCE8E26003A5532 /* Release */ = {
			isa = XCBuildConfiguration;
			buildSettings = {
				ALWAYS_SEARCH_USER_PATHS = NO;
				CLANG_CXX_LANGUAGE_STANDARD = "gnu++0x";
				CLANG_CXX_LIBRARY = "libc++";
				CLANG_ENABLE_MODULES = YES;
				CLANG_ENABLE_OBJC_ARC = YES;
				CLANG_WARN_BOOL_CONVERSION = YES;
				CLANG_WARN_CONSTANT_CONVERSION = YES;
				CLANG_WARN_DIRECT_OBJC_ISA_USAGE = YES_ERROR;
				CLANG_WARN_EMPTY_BODY = YES;
				CLANG_WARN_ENUM_CONVERSION = YES;
				CLANG_WARN_INT_CONVERSION = YES;
				CLANG_WARN_OBJC_ROOT_CLASS = YES_ERROR;
				CLANG_WARN_UNREACHABLE_CODE = YES;
				CLANG_WARN__DUPLICATE_METHOD_MATCH = YES;
				"CODE_SIGN_IDENTITY[sdk=iphoneos*]" = "iPhone Developer";
				COPY_PHASE_STRIP = NO;
				DEBUG_INFORMATION_FORMAT = "dwarf-with-dsym";
				ENABLE_NS_ASSERTIONS = NO;
				ENABLE_STRICT_OBJC_MSGSEND = YES;
				GCC_C_LANGUAGE_STANDARD = gnu99;
				GCC_NO_COMMON_BLOCKS = YES;
				GCC_WARN_64_TO_32_BIT_CONVERSION = YES;
				GCC_WARN_ABOUT_RETURN_TYPE = YES_ERROR;
				GCC_WARN_UNDECLARED_SELECTOR = YES;
				GCC_WARN_UNINITIALIZED_AUTOS = YES_AGGRESSIVE;
				GCC_WARN_UNUSED_FUNCTION = YES;
				GCC_WARN_UNUSED_VARIABLE = YES;
				IPHONEOS_DEPLOYMENT_TARGET = 8.4;
				MTL_ENABLE_DEBUG_INFO = NO;
				SDKROOT = iphoneos;
				TARGETED_DEVICE_FAMILY = "1,2";
				VALIDATE_PRODUCT = YES;
			};
			name = Release;
		};
		EDAC4EE61BCE8E26003A5532 /* Debug */ = {
			isa = XCBuildConfiguration;
			buildSettings = {
				ASSETCATALOG_COMPILER_APPICON_NAME = AppIcon;
				INFOPLIST_FILE = SmartText/Info.plist;
				LD_RUNPATH_SEARCH_PATHS = "$(inherited) @executable_path/Frameworks";
				PRODUCT_NAME = "$(TARGET_NAME)";
			};
			name = Debug;
		};
		EDAC4EE71BCE8E26003A5532 /* Release */ = {
			isa = XCBuildConfiguration;
			buildSettings = {
				ASSETCATALOG_COMPILER_APPICON_NAME = AppIcon;
				INFOPLIST_FILE = SmartText/Info.plist;
				LD_RUNPATH_SEARCH_PATHS = "$(inherited) @executable_path/Frameworks";
				PRODUCT_NAME = "$(TARGET_NAME)";
			};
			name = Release;
		};
/* End XCBuildConfiguration section */

/* Begin XCConfigurationList section */
		EDAC4EC11BCE8E26003A5532 /* Build configuration list for PBXProject "SmartText" */ = {
			isa = XCConfigurationList;
			buildConfigurations = (
				EDAC4EE31BCE8E26003A5532 /* Debug */,
				EDAC4EE41BCE8E26003A5532 /* Release */,
			);
			defaultConfigurationIsVisible = 0;
			defaultConfigurationName = Release;
		};
		EDAC4EE51BCE8E26003A5532 /* Build configuration list for PBXNativeTarget "SmartText" */ = {
			isa = XCConfigurationList;
			buildConfigurations = (
				EDAC4EE61BCE8E26003A5532 /* Debug */,
				EDAC4EE71BCE8E26003A5532 /* Release */,
			);
			defaultConfigurationIsVisible = 0;
			defaultConfigurationName = Release;
		};
/* End XCConfigurationList section */
	};
	rootObject = EDAC4EBE1BCE8E26003A5532 /* Project object */;
}
